
Microsoft Visual Studio Solution File, Format Version 12.00
# Visual Studio Version 17
VisualStudioVersion = 17.9.34714.143
MinimumVisualStudioVersion = 10.0.40219.1
Project("{FAE04EC0-301F-11D3-BF4B-00C04F79EFBC}") = "InternFigureTest", "InternFigureTest\InternFigureTest.csproj", "{97F3E1EF-5E87-4398-B44E-9BF46B54677C}"
EndProject
Global
	GlobalSection(SolutionConfigurationPlatforms) = preSolution
		Debug|Any CPU = Debug|Any CPU
		Release|Any CPU = Release|Any CPU
	EndGlobalSection
	GlobalSection(ProjectConfigurationPlatforms) = postSolution
		{97F3E1EF-5E87-4398-B44E-9BF46B54677C}.Debug|Any CPU.ActiveCfg = Debug|Any CPU
		{97F3E1EF-5E87-4398-B44E-9BF46B54677C}.Debug|Any CPU.Build.0 = Debug|Any CPU
		{97F3E1EF-5E87-4398-B44E-9BF46B54677C}.Release|Any CPU.ActiveCfg = Release|Any CPU
		{97F3E1EF-5E87-4398-B44E-9BF46B54677C}.Release|Any CPU.Build.0 = Release|Any CPU
	EndGlobalSection
	GlobalSection(SolutionProperties) = preSolution
		HideSolutionNode = FALSE
	EndGlobalSection
	GlobalSection(ExtensibilityGlobals) = postSolution
		SolutionGuid = {37B03639-C88A-4340-9DE6-C03421FD44B2}
	EndGlobalSection
EndGlobal
